{
  "name": "flight-planner",
  "version": "0.0.6",
  "lockfileVersion": 2,
  "requires": true,
  "packages": {
    "": {
      "name": "flight-planner",
      "version": "0.0.6",
      "license": "MIT",
      "devDependencies": {
        "osm-tile-downloader": "rogalmic/osm-tile-downloader#master"
      }
    },
    "node_modules/async": {
      "version": "1.0.0",
      "resolved": "https://registry.npmjs.org/async/-/async-1.0.0.tgz",
      "integrity": "sha1-+PwEyjoTeErenhZBr5hXjPvWR6k=",
      "dev": true
    },
    "node_modules/colors": {
      "version": "1.0.3",
      "resolved": "https://registry.npmjs.org/colors/-/colors-1.0.3.tgz",
      "integrity": "sha1-BDP0TYCWgP3rYO0mDxsMJi6CpAs=",
      "dev": true,
      "engines": {
        "node": ">=0.1.90"
      }
    },
    "node_modules/commander": {
      "version": "2.20.3",
      "resolved": "https://registry.npmjs.org/commander/-/commander-2.20.3.tgz",
      "integrity": "sha512-GpVkmM8vF2vQUkj2LvZmD35JxeJOLCwJ9cUkugyk2nuhbv3+mJvpLYYt+0+USMxE+oj+ey/lJEnhZw75x/OMcQ==",
      "dev": true
    },
    "node_modules/cycle": {
      "version": "1.0.3",
      "resolved": "https://registry.npmjs.org/cycle/-/cycle-1.0.3.tgz",
      "integrity": "sha1-IegLK+hYD5i0aPN5QwZisEbDStI=",
      "dev": true,
      "engines": {
        "node": ">=0.4.0"
      }
    },
    "node_modules/eyes": {
      "version": "0.1.8",
      "resolved": "https://registry.npmjs.org/eyes/-/eyes-0.1.8.tgz",
      "integrity": "sha1-Ys8SAjTGg3hdkCNIqADvPgzCC8A=",
      "dev": true,
      "engines": {
        "node": "> 0.1.90"
      }
    },
    "node_modules/isstream": {
      "version": "0.1.2",
      "resolved": "https://registry.npmjs.org/isstream/-/isstream-0.1.2.tgz",
      "integrity": "sha1-R+Y/evVa+m+S4VAOaQ64uFKcCZo=",
      "dev": true
    },
    "node_modules/lodash": {
      "version": "4.17.21",
      "resolved": "https://registry.npmjs.org/lodash/-/lodash-4.17.21.tgz",
      "integrity": "sha512-v2kDEe57lecTulaDIuNTPy3Ry4gLGJ6Z1O3vE1krgXZNrsQ+LFTGHVxVjcXPs17LhbZVGedAJv8XZ1tvj5FvSg==",
      "dev": true
    },
    "node_modules/minimist": {
      "version": "1.2.5",
      "resolved": "https://registry.npmjs.org/minimist/-/minimist-1.2.5.tgz",
      "integrity": "sha512-FM9nNUYrRBAELZQT3xeZQ7fmMOBg6nWNmJKTcgsJeaLstP/UODVpGsr5OhXhhXg6f+qtJ8uiZ+PUxkDWcgIXLw==",
      "dev": true
    },
    "node_modules/mkdirp": {
      "version": "0.5.5",
      "resolved": "https://registry.npmjs.org/mkdirp/-/mkdirp-0.5.5.tgz",
      "integrity": "sha512-NKmAlESf6jMGym1++R0Ra7wvhV+wFW63FaSOFPwRahvea0gMUcGUhVeAg/0BC0wiv9ih5NYPB1Wn1UEI1/L+xQ==",
      "dev": true,
      "dependencies": {
        "minimist": "^1.2.5"
      },
      "bin": {
        "mkdirp": "bin/cmd.js"
      }
    },
    "node_modules/moment": {
      "version": "2.29.1",
      "resolved": "https://registry.npmjs.org/moment/-/moment-2.29.1.tgz",
      "integrity": "sha512-kHmoybcPV8Sqy59DwNDY3Jefr64lK/by/da0ViFcuA4DH0vQg5Q6Ze5VimxkfQNSC+Mls/Kx53s7TjP1RhFEDQ==",
      "dev": true,
      "engines": {
        "node": "*"
      }
    },
    "node_modules/osm-tile-downloader": {
      "version": "1.0.0",
      "resolved": "git+ssh://git@github.com/rogalmic/osm-tile-downloader.git#5d07a3097809d8e38672abea164820ac99145e91",
      "dev": true,
      "license": "MIT",
      "dependencies": {
        "commander": "^2.8.1",
        "lodash": "^4.17.21",
        "mkdirp": "^0.5.1",
        "moment": "^2.10.6",
        "winston": "^1.0.1"
      },
      "bin": {
        "osm-tile-downloader": "osm-tile-downloader.js"
      }
    },
    "node_modules/pkginfo": {
      "version": "0.3.1",
      "resolved": "https://registry.npmjs.org/pkginfo/-/pkginfo-0.3.1.tgz",
      "integrity": "sha1-Wyn2qB9wcXFC4J52W76rl7T4HiE=",
      "dev": true,
      "engines": {
        "node": ">= 0.4.0"
      }
    },
    "node_modules/stack-trace": {
      "version": "0.0.10",
      "resolved": "https://registry.npmjs.org/stack-trace/-/stack-trace-0.0.10.tgz",
      "integrity": "sha1-VHxws0fo0ytOEI6hoqFZ5f3eGcA=",
      "dev": true,
      "engines": {
        "node": "*"
      }
    },
    "node_modules/winston": {
      "version": "1.1.2",
      "resolved": "https://registry.npmjs.org/winston/-/winston-1.1.2.tgz",
      "integrity": "sha1-aO3Xaf951PlSjPDl2AAhqt5nSAw=",
      "dev": true,
      "dependencies": {
        "async": "~1.0.0",
        "colors": "1.0.x",
        "cycle": "1.0.x",
        "eyes": "0.1.x",
        "isstream": "0.1.x",
        "pkginfo": "0.3.x",
        "stack-trace": "0.0.x"
      },
      "engines": {
        "node": ">= 0.8.0"
      }
    }
  },
  "dependencies": {
    "async": {
      "version": "1.0.0",
      "resolved": "https://registry.npmjs.org/async/-/async-1.0.0.tgz",
      "integrity": "sha1-+PwEyjoTeErenhZBr5hXjPvWR6k=",
      "dev": true
    },
    "colors": {
      "version": "1.0.3",
      "resolved": "https://registry.npmjs.org/colors/-/colors-1.0.3.tgz",
      "integrity": "sha1-BDP0TYCWgP3rYO0mDxsMJi6CpAs=",
      "dev": true
    },
    "commander": {
      "version": "2.20.3",
      "resolved": "https://registry.npmjs.org/commander/-/commander-2.20.3.tgz",
      "integrity": "sha512-GpVkmM8vF2vQUkj2LvZmD35JxeJOLCwJ9cUkugyk2nuhbv3+mJvpLYYt+0+USMxE+oj+ey/lJEnhZw75x/OMcQ==",
      "dev": true
    },
    "cycle": {
      "version": "1.0.3",
      "resolved": "https://registry.npmjs.org/cycle/-/cycle-1.0.3.tgz",
      "integrity": "sha1-IegLK+hYD5i0aPN5QwZisEbDStI=",
      "dev": true
    },
    "eyes": {
      "version": "0.1.8",
      "resolved": "https://registry.npmjs.org/eyes/-/eyes-0.1.8.tgz",
      "integrity": "sha1-Ys8SAjTGg3hdkCNIqADvPgzCC8A=",
      "dev": true
    },
    "isstream": {
      "version": "0.1.2",
      "resolved": "https://registry.npmjs.org/isstream/-/isstream-0.1.2.tgz",
      "integrity": "sha1-R+Y/evVa+m+S4VAOaQ64uFKcCZo=",
      "dev": true
    },
    "lodash": {
      "version": "4.17.21",
      "resolved": "https://registry.npmjs.org/lodash/-/lodash-4.17.21.tgz",
      "integrity": "sha512-v2kDEe57lecTulaDIuNTPy3Ry4gLGJ6Z1O3vE1krgXZNrsQ+LFTGHVxVjcXPs17LhbZVGedAJv8XZ1tvj5FvSg==",
      "dev": true
    },
    "minimist": {
      "version": "1.2.5",
      "resolved": "https://registry.npmjs.org/minimist/-/minimist-1.2.5.tgz",
      "integrity": "sha512-FM9nNUYrRBAELZQT3xeZQ7fmMOBg6nWNmJKTcgsJeaLstP/UODVpGsr5OhXhhXg6f+qtJ8uiZ+PUxkDWcgIXLw==",
      "dev": true
    },
    "mkdirp": {
      "version": "0.5.5",
      "resolved": "https://registry.npmjs.org/mkdirp/-/mkdirp-0.5.5.tgz",
      "integrity": "sha512-NKmAlESf6jMGym1++R0Ra7wvhV+wFW63FaSOFPwRahvea0gMUcGUhVeAg/0BC0wiv9ih5NYPB1Wn1UEI1/L+xQ==",
      "dev": true,
      "requires": {
        "minimist": "^1.2.5"
      }
    },
    "moment": {
      "version": "2.29.1",
      "resolved": "https://registry.npmjs.org/moment/-/moment-2.29.1.tgz",
      "integrity": "sha512-kHmoybcPV8Sqy59DwNDY3Jefr64lK/by/da0ViFcuA4DH0vQg5Q6Ze5VimxkfQNSC+Mls/Kx53s7TjP1RhFEDQ==",
      "dev": true
    },
    "osm-tile-downloader": {
      "version": "git+ssh://git@github.com/rogalmic/osm-tile-downloader.git#5d07a3097809d8e38672abea164820ac99145e91",
      "dev": true,
      "from": "osm-tile-downloader@rogalmic/osm-tile-downloader#master",
      "requires": {
        "commander": "^2.8.1",
        "lodash": "^4.17.21",
        "mkdirp": "^0.5.1",
        "moment": "^2.10.6",
        "winston": "^1.0.1"
      }
    },
    "pkginfo": {
      "version": "0.3.1",
      "resolved": "https://registry.npmjs.org/pkginfo/-/pkginfo-0.3.1.tgz",
      "integrity": "sha1-Wyn2qB9wcXFC4J52W76rl7T4HiE=",
      "dev": true
    },
    "stack-trace": {
      "version": "0.0.10",
      "resolved": "https://registry.npmjs.org/stack-trace/-/stack-trace-0.0.10.tgz",
      "integrity": "sha1-VHxws0fo0ytOEI6hoqFZ5f3eGcA=",
      "dev": true
    },
    "winston": {
      "version": "1.1.2",
      "resolved": "https://registry.npmjs.org/winston/-/winston-1.1.2.tgz",
      "integrity": "sha1-aO3Xaf951PlSjPDl2AAhqt5nSAw=",
      "dev": true,
      "requires": {
        "async": "~1.0.0",
        "colors": "1.0.x",
        "cycle": "1.0.x",
        "eyes": "0.1.x",
        "isstream": "0.1.x",
        "pkginfo": "0.3.x",
        "stack-trace": "0.0.x"
      }
    }
  }
}
